
Microsoft Visual Studio Solution File, Format Version 12.00
Project("{FAE04EC0-301F-11D3-BF4B-00C04F79EFBC}") = "AwsLambdaMeasurer", "AwsLambdaMeasurer\AwsLambdaMeasurer.csproj", "{DFE70EF2-E788-42C3-A571-86A0A2B498CD}"
EndProject
Global
	GlobalSection(SolutionConfigurationPlatforms) = preSolution
		Debug|Any CPU = Debug|Any CPU
		Release|Any CPU = Release|Any CPU
	EndGlobalSection
	GlobalSection(ProjectConfigurationPlatforms) = postSolution
		{DFE70EF2-E788-42C3-A571-86A0A2B498CD}.Debug|Any CPU.ActiveCfg = Debug|Any CPU
		{DFE70EF2-E788-42C3-A571-86A0A2B498CD}.Debug|Any CPU.Build.0 = Debug|Any CPU
		{DFE70EF2-E788-42C3-A571-86A0A2B498CD}.Release|Any CPU.ActiveCfg = Release|Any CPU
		{DFE70EF2-E788-42C3-A571-86A0A2B498CD}.Release|Any CPU.Build.0 = Release|Any CPU
	EndGlobalSection
EndGlobal
